
Microsoft Visual Studio Solution File, Format Version 12.00
# Visual Studio 2012
Project("{FAE04EC0-301F-11D3-BF4B-00C04F79EFBC}") = "TaskManager", "TaskManager\TaskManager.csproj", "{62A8BFBB-2938-4E77-8A8B-7AD92798DCED}"
EndProject
Global
	GlobalSection(SolutionConfigurationPlatforms) = preSolution
		Debug|Any CPU = Debug|Any CPU
		Release|Any CPU = Release|Any CPU
	EndGlobalSection
	GlobalSection(ProjectConfigurationPlatforms) = postSolution
		{62A8BFBB-2938-4E77-8A8B-7AD92798DCED}.Debug|Any CPU.ActiveCfg = Debug|Any CPU
		{62A8BFBB-2938-4E77-8A8B-7AD92798DCED}.Debug|Any CPU.Build.0 = Debug|Any CPU
		{62A8BFBB-2938-4E77-8A8B-7AD92798DCED}.Release|Any CPU.ActiveCfg = Release|Any CPU
		{62A8BFBB-2938-4E77-8A8B-7AD92798DCED}.Release|Any CPU.Build.0 = Release|Any CPU
	EndGlobalSection
EndGlobal
